
Microsoft Visual Studio Solution File, Format Version 12.00
# Visual Studio 15
VisualStudioVersion = 15.0.27004.2005
MinimumVisualStudioVersion = 10.0.40219.1
Project("{FAE04EC0-301F-11D3-BF4B-00C04F79EFBC}") = "FigureDraw", "FigureDraw\FigureDraw.csproj", "{C5D3D051-1DCC-4E1D-8AFD-A9774DAF37DE}"
EndProject
Global
	GlobalSection(SolutionConfigurationPlatforms) = preSolution
		Debug|Any CPU = Debug|Any CPU
		Release|Any CPU = Release|Any CPU
	EndGlobalSection
	GlobalSection(ProjectConfigurationPlatforms) = postSolution
		{C5D3D051-1DCC-4E1D-8AFD-A9774DAF37DE}.Debug|Any CPU.ActiveCfg = Debug|Any CPU
		{C5D3D051-1DCC-4E1D-8AFD-A9774DAF37DE}.Debug|Any CPU.Build.0 = Debug|Any CPU
		{C5D3D051-1DCC-4E1D-8AFD-A9774DAF37DE}.Release|Any CPU.ActiveCfg = Release|Any CPU
		{C5D3D051-1DCC-4E1D-8AFD-A9774DAF37DE}.Release|Any CPU.Build.0 = Release|Any CPU
	EndGlobalSection
	GlobalSection(SolutionProperties) = preSolution
		HideSolutionNode = FALSE
	EndGlobalSection
	GlobalSection(ExtensibilityGlobals) = postSolution
		SolutionGuid = {67B0CEB4-FB90-4839-8CE6-B3941A3ACC38}
	EndGlobalSection
EndGlobal
